
Microsoft Visual Studio Solution File, Format Version 12.00
# Visual Studio Version 17
VisualStudioVersion = 17.13.35825.156
MinimumVisualStudioVersion = 10.0.40219.1
Project("{8BC9CEB8-8B4A-11D0-8D11-00A0C91BC942}") = "Activity 1.12", "Activity 1.12\Activity 1.12.vcxproj", "{33BCC992-5C2F-4203-8205-66F1D0BE4B6D}"
EndProject
Project("{FAE04EC0-301F-11D3-BF4B-00C04F79EFBC}") = "Activity 1.12 C#", "Activity 1.12 C#\Activity 1.12 C#.csproj", "{FB34299C-7109-434F-AF05-F20ACA682EC6}"
EndProject
Global
	GlobalSection(SolutionConfigurationPlatforms) = preSolution
		Debug|Any CPU = Debug|Any CPU
		Debug|x64 = Debug|x64
		Debug|x86 = Debug|x86
		Release|Any CPU = Release|Any CPU
		Release|x64 = Release|x64
		Release|x86 = Release|x86
	EndGlobalSection
	GlobalSection(ProjectConfigurationPlatforms) = postSolution
		{33BCC992-5C2F-4203-8205-66F1D0BE4B6D}.Debug|Any CPU.ActiveCfg = Debug|x64
		{33BCC992-5C2F-4203-8205-66F1D0BE4B6D}.Debug|Any CPU.Build.0 = Debug|x64
		{33BCC992-5C2F-4203-8205-66F1D0BE4B6D}.Debug|x64.ActiveCfg = Debug|x64
		{33BCC992-5C2F-4203-8205-66F1D0BE4B6D}.Debug|x64.Build.0 = Debug|x64
		{33BCC992-5C2F-4203-8205-66F1D0BE4B6D}.Debug|x86.ActiveCfg = Debug|Win32
		{33BCC992-5C2F-4203-8205-66F1D0BE4B6D}.Debug|x86.Build.0 = Debug|Win32
		{33BCC992-5C2F-4203-8205-66F1D0BE4B6D}.Release|Any CPU.ActiveCfg = Release|x64
		{33BCC992-5C2F-4203-8205-66F1D0BE4B6D}.Release|Any CPU.Build.0 = Release|x64
		{33BCC992-5C2F-4203-8205-66F1D0BE4B6D}.Release|x64.ActiveCfg = Release|x64
		{33BCC992-5C2F-4203-8205-66F1D0BE4B6D}.Release|x64.Build.0 = Release|x64
		{33BCC992-5C2F-4203-8205-66F1D0BE4B6D}.Release|x86.ActiveCfg = Release|Win32
		{33BCC992-5C2F-4203-8205-66F1D0BE4B6D}.Release|x86.Build.0 = Release|Win32
		{FB34299C-7109-434F-AF05-F20ACA682EC6}.Debug|Any CPU.ActiveCfg = Debug|Any CPU
		{FB34299C-7109-434F-AF05-F20ACA682EC6}.Debug|Any CPU.Build.0 = Debug|Any CPU
		{FB34299C-7109-434F-AF05-F20ACA682EC6}.Debug|x64.ActiveCfg = Debug|Any CPU
		{FB34299C-7109-434F-AF05-F20ACA682EC6}.Debug|x64.Build.0 = Debug|Any CPU
		{FB34299C-7109-434F-AF05-F20ACA682EC6}.Debug|x86.ActiveCfg = Debug|Any CPU
		{FB34299C-7109-434F-AF05-F20ACA682EC6}.Debug|x86.Build.0 = Debug|Any CPU
		{FB34299C-7109-434F-AF05-F20ACA682EC6}.Release|Any CPU.ActiveCfg = Release|Any CPU
		{FB34299C-7109-434F-AF05-F20ACA682EC6}.Release|Any CPU.Build.0 = Release|Any CPU
		{FB34299C-7109-434F-AF05-F20ACA682EC6}.Release|x64.ActiveCfg = Release|Any CPU
		{FB34299C-7109-434F-AF05-F20ACA682EC6}.Release|x64.Build.0 = Release|Any CPU
		{FB34299C-7109-434F-AF05-F20ACA682EC6}.Release|x86.ActiveCfg = Release|Any CPU
		{FB34299C-7109-434F-AF05-F20ACA682EC6}.Release|x86.Build.0 = Release|Any CPU
	EndGlobalSection
	GlobalSection(SolutionProperties) = preSolution
		HideSolutionNode = FALSE
	EndGlobalSection
	GlobalSection(ExtensibilityGlobals) = postSolution
		SolutionGuid = {E5DF808D-3FE8-448A-AB6D-D5284732C515}
	EndGlobalSection
EndGlobal
